// !$*UTF8*$!
{
	archiveVersion = 1;
	classes = {
	};
	objectVersion = 46;
	objects = {

/* Begin PBXBuildFile section */
		4353EDAB1DA579D10099FB88 /* AppDelegate.swift in Sources */ = {isa = PBXBuildFile; fileRef = 4353EDAA1DA579D10099FB88 /* AppDelegate.swift */; };
		4353EDAD1DA579D10099FB88 /* SignInViewController.swift in Sources */ = {isa = PBXBuildFile; fileRef = 4353EDAC1DA579D10099FB88 /* SignInViewController.swift */; };
		4353EDB01DA579D10099FB88 /* Main.storyboard in Resources */ = {isa = PBXBuildFile; fileRef = 4353EDAE1DA579D10099FB88 /* Main.storyboard */; };
		4353EDB21DA579D10099FB88 /* Assets.xcassets in Resources */ = {isa = PBXBuildFile; fileRef = 4353EDB11DA579D10099FB88 /* Assets.xcassets */; };
		4353EDB51DA579D10099FB88 /* LaunchScreen.storyboard in Resources */ = {isa = PBXBuildFile; fileRef = 4353EDB31DA579D10099FB88 /* LaunchScreen.storyboard */; };
		4353EDC41DA57ADC0099FB88 /* NotoSans-Bold.ttf in Resources */ = {isa = PBXBuildFile; fileRef = 4353EDC01DA57ADC0099FB88 /* NotoSans-Bold.ttf */; };
		4353EDC51DA57ADC0099FB88 /* NotoSans-BoldItalic.ttf in Resources */ = {isa = PBXBuildFile; fileRef = 4353EDC11DA57ADC0099FB88 /* NotoSans-BoldItalic.ttf */; };
		4353EDC61DA57ADC0099FB88 /* NotoSans-Italic.ttf in Resources */ = {isa = PBXBuildFile; fileRef = 4353EDC21DA57ADC0099FB88 /* NotoSans-Italic.ttf */; };
		4353EDC71DA57ADC0099FB88 /* NotoSans-Regular.ttf in Resources */ = {isa = PBXBuildFile; fileRef = 4353EDC31DA57ADC0099FB88 /* NotoSans-Regular.ttf */; };
		4353EDC91DA57FC30099FB88 /* MaterialView.swift in Sources */ = {isa = PBXBuildFile; fileRef = 4353EDC81DA57FC30099FB88 /* MaterialView.swift */; };
		4353EDCC1DA580270099FB88 /* Constants.swift in Sources */ = {isa = PBXBuildFile; fileRef = 4353EDCB1DA580270099FB88 /* Constants.swift */; };
		4353EDCE1DA670FB0099FB88 /* MaterialButton.swift in Sources */ = {isa = PBXBuildFile; fileRef = 4353EDCD1DA670FB0099FB88 /* MaterialButton.swift */; };
		4353EDD01DA690BD0099FB88 /* MaterialTextField.swift in Sources */ = {isa = PBXBuildFile; fileRef = 4353EDCF1DA690BD0099FB88 /* MaterialTextField.swift */; };
		43969A801DB916C200B049B6 /* FeedViewController.swift in Sources */ = {isa = PBXBuildFile; fileRef = 43969A7F1DB916C200B049B6 /* FeedViewController.swift */; };
		43B7DE101DA8BB99006EAD06 /* DataService.swift in Sources */ = {isa = PBXBuildFile; fileRef = 43B7DE0F1DA8BB99006EAD06 /* DataService.swift */; };
		43F0BE711DBB85E600C4673D /* Post.swift in Sources */ = {isa = PBXBuildFile; fileRef = 43F0BE701DBB85E600C4673D /* Post.swift */; };
		43F52C7F1DB91C9E006D9B48 /* PostCell.swift in Sources */ = {isa = PBXBuildFile; fileRef = 43F52C7E1DB91C9E006D9B48 /* PostCell.swift */; };
		57EAD7E367D6CB9AB8A9669F /* Pods_SocialMedia.framework in Frameworks */ = {isa = PBXBuildFile; fileRef = 098951139E8D75A16A467F82 /* Pods_SocialMedia.framework */; };
/* End PBXBuildFile section */

/* Begin PBXFileReference section */
		098951139E8D75A16A467F82 /* Pods_SocialMedia.framework */ = {isa = PBXFileReference; explicitFileType = wrapper.framework; includeInIndex = 0; path = Pods_SocialMedia.framework; sourceTree = BUILT_PRODUCTS_DIR; };
		4353EDA71DA579D10099FB88 /* رسانه اجتماعی.app */ = {isa = PBXFileReference; explicitFileType = wrapper.application; includeInIndex = 0; path = "رسانه اجتماعی.app"; sourceTree = BUILT_PRODUCTS_DIR; };
		4353EDAA1DA579D10099FB88 /* AppDelegate.swift */ = {isa = PBXFileReference; lastKnownFileType = sourcecode.swift; path = AppDelegate.swift; sourceTree = "<group>"; };
		4353EDAC1DA579D10099FB88 /* SignInViewController.swift */ = {isa = PBXFileReference; lastKnownFileType = sourcecode.swift; path = SignInViewController.swift; sourceTree = "<group>"; };
		4353EDAF1DA579D10099FB88 /* Base */ = {isa = PBXFileReference; lastKnownFileType = file.storyboard; name = Base; path = Base.lproj/Main.storyboard; sourceTree = "<group>"; };
		4353EDB11DA579D10099FB88 /* Assets.xcassets */ = {isa = PBXFileReference; lastKnownFileType = folder.assetcatalog; path = Assets.xcassets; sourceTree = "<group>"; };
		4353EDB41DA579D10099FB88 /* Base */ = {isa = PBXFileReference; lastKnownFileType = file.storyboard; name = Base; path = Base.lproj/LaunchScreen.storyboard; sourceTree = "<group>"; };
		4353EDB61DA579D10099FB88 /* Info.plist */ = {isa = PBXFileReference; lastKnownFileType = text.plist.xml; path = Info.plist; sourceTree = "<group>"; };
		4353EDC01DA57ADC0099FB88 /* NotoSans-Bold.ttf */ = {isa = PBXFileReference; lastKnownFileType = file; path = "NotoSans-Bold.ttf"; sourceTree = "<group>"; };
		4353EDC11DA57ADC0099FB88 /* NotoSans-BoldItalic.ttf */ = {isa = PBXFileReference; lastKnownFileType = file; path = "NotoSans-BoldItalic.ttf"; sourceTree = "<group>"; };
		4353EDC21DA57ADC0099FB88 /* NotoSans-Italic.ttf */ = {isa = PBXFileReference; lastKnownFileType = file; path = "NotoSans-Italic.ttf"; sourceTree = "<group>"; };
		4353EDC31DA57ADC0099FB88 /* NotoSans-Regular.ttf */ = {isa = PBXFileReference; lastKnownFileType = file; path = "NotoSans-Regular.ttf"; sourceTree = "<group>"; };
		4353EDC81DA57FC30099FB88 /* MaterialView.swift */ = {isa = PBXFileReference; fileEncoding = 4; lastKnownFileType = sourcecode.swift; path = MaterialView.swift; sourceTree = "<group>"; };
		4353EDCB1DA580270099FB88 /* Constants.swift */ = {isa = PBXFileReference; fileEncoding = 4; lastKnownFileType = sourcecode.swift; path = Constants.swift; sourceTree = "<group>"; };
		4353EDCD1DA670FB0099FB88 /* MaterialButton.swift */ = {isa = PBXFileReference; fileEncoding = 4; lastKnownFileType = sourcecode.swift; path = MaterialButton.swift; sourceTree = "<group>"; };
		4353EDCF1DA690BD0099FB88 /* MaterialTextField.swift */ = {isa = PBXFileReference; fileEncoding = 4; lastKnownFileType = sourcecode.swift; path = MaterialTextField.swift; sourceTree = "<group>"; };
		43969A7F1DB916C200B049B6 /* FeedViewController.swift */ = {isa = PBXFileReference; fileEncoding = 4; lastKnownFileType = sourcecode.swift; path = FeedViewController.swift; sourceTree = "<group>"; };
		43B7DE0F1DA8BB99006EAD06 /* DataService.swift */ = {isa = PBXFileReference; fileEncoding = 4; lastKnownFileType = sourcecode.swift; path = DataService.swift; sourceTree = "<group>"; };
		43F0BE701DBB85E600C4673D /* Post.swift */ = {isa = PBXFileReference; fileEncoding = 4; lastKnownFileType = sourcecode.swift; path = Post.swift; sourceTree = "<group>"; };
		43F52C7E1DB91C9E006D9B48 /* PostCell.swift */ = {isa = PBXFileReference; fileEncoding = 4; lastKnownFileType = sourcecode.swift; path = PostCell.swift; sourceTree = "<group>"; };
		4CAEE0E0271E614FF8F0AE9D /* Pods-SocialMedia.debug.xcconfig */ = {isa = PBXFileReference; includeInIndex = 1; lastKnownFileType = text.xcconfig; name = "Pods-SocialMedia.debug.xcconfig"; path = "Pods/Target Support Files/Pods-SocialMedia/Pods-SocialMedia.debug.xcconfig"; sourceTree = "<group>"; };
		539463732B1DE9F07E5FB906 /* Pods-SocialMedia.release.xcconfig */ = {isa = PBXFileReference; includeInIndex = 1; lastKnownFileType = text.xcconfig; name = "Pods-SocialMedia.release.xcconfig"; path = "Pods/Target Support Files/Pods-SocialMedia/Pods-SocialMedia.release.xcconfig"; sourceTree = "<group>"; };
/* End PBXFileReference section */

/* Begin PBXFrameworksBuildPhase section */
		4353EDA41DA579D10099FB88 /* Frameworks */ = {
			isa = PBXFrameworksBuildPhase;
			buildActionMask = 2147483647;
			files = (
				57EAD7E367D6CB9AB8A9669F /* Pods_SocialMedia.framework in Frameworks */,
			);
			runOnlyForDeploymentPostprocessing = 0;
		};
/* End PBXFrameworksBuildPhase section */

/* Begin PBXGroup section */
		4353ED9E1DA579D10099FB88 = {
			isa = PBXGroup;
			children = (
				4353EDA91DA579D10099FB88 /* SocialMedia */,
				4353EDA81DA579D10099FB88 /* Products */,
				E1E67C6EB285F0F35FDE982B /* Pods */,
				F7FE47BF5BAF68E129C54EA3 /* Frameworks */,
			);
			sourceTree = "<group>";
		};
		4353EDA81DA579D10099FB88 /* Products */ = {
			isa = PBXGroup;
			children = (
				4353EDA71DA579D10099FB88 /* رسانه اجتماعی.app */,
			);
			name = Products;
			sourceTree = "<group>";
		};
		4353EDA91DA579D10099FB88 /* SocialMedia */ = {
			isa = PBXGroup;
			children = (
				43B7DE0E1DA8BB61006EAD06 /* Services */,
				4353EDCA1DA580150099FB88 /* Util */,
				4353EDBF1DA57A310099FB88 /* Resources */,
				4353EDBE1DA57A2A0099FB88 /* Model */,
				4353EDBD1DA57A210099FB88 /* View */,
				4353EDBC1DA57A190099FB88 /* Controller */,
				4353EDAA1DA579D10099FB88 /* AppDelegate.swift */,
				4353EDAE1DA579D10099FB88 /* Main.storyboard */,
				4353EDB11DA579D10099FB88 /* Assets.xcassets */,
				4353EDB31DA579D10099FB88 /* LaunchScreen.storyboard */,
				4353EDB61DA579D10099FB88 /* Info.plist */,
			);
			path = SocialMedia;
			sourceTree = "<group>";
		};
		4353EDBC1DA57A190099FB88 /* Controller */ = {
			isa = PBXGroup;
			children = (
				4353EDAC1DA579D10099FB88 /* SignInViewController.swift */,
				43969A7F1DB916C200B049B6 /* FeedViewController.swift */,
			);
			name = Controller;
			sourceTree = "<group>";
		};
		4353EDBD1DA57A210099FB88 /* View */ = {
			isa = PBXGroup;
			children = (
				4353EDC81DA57FC30099FB88 /* MaterialView.swift */,
				4353EDCD1DA670FB0099FB88 /* MaterialButton.swift */,
				4353EDCF1DA690BD0099FB88 /* MaterialTextField.swift */,
				43F52C7E1DB91C9E006D9B48 /* PostCell.swift */,
			);
			name = View;
			sourceTree = "<group>";
		};
		4353EDBE1DA57A2A0099FB88 /* Model */ = {
			isa = PBXGroup;
			children = (
				43F0BE701DBB85E600C4673D /* Post.swift */,
			);
			name = Model;
			sourceTree = "<group>";
		};
		4353EDBF1DA57A310099FB88 /* Resources */ = {
			isa = PBXGroup;
			children = (
				4353EDC01DA57ADC0099FB88 /* NotoSans-Bold.ttf */,
				4353EDC11DA57ADC0099FB88 /* NotoSans-BoldItalic.ttf */,
				4353EDC21DA57ADC0099FB88 /* NotoSans-Italic.ttf */,
				4353EDC31DA57ADC0099FB88 /* NotoSans-Regular.ttf */,
			);
			name = Resources;
			sourceTree = "<group>";
		};
		4353EDCA1DA580150099FB88 /* Util */ = {
			isa = PBXGroup;
			children = (
				4353EDCB1DA580270099FB88 /* Constants.swift */,
			);
			name = Util;
			sourceTree = "<group>";
		};
		43B7DE0E1DA8BB61006EAD06 /* Services */ = {
			isa = PBXGroup;
			children = (
				43B7DE0F1DA8BB99006EAD06 /* DataService.swift */,
			);
			name = Services;
			sourceTree = "<group>";
		};
		E1E67C6EB285F0F35FDE982B /* Pods */ = {
			isa = PBXGroup;
			children = (
				4CAEE0E0271E614FF8F0AE9D /* Pods-SocialMedia.debug.xcconfig */,
				539463732B1DE9F07E5FB906 /* Pods-SocialMedia.release.xcconfig */,
			);
			name = Pods;
			sourceTree = "<group>";
		};
		F7FE47BF5BAF68E129C54EA3 /* Frameworks */ = {
			isa = PBXGroup;
			children = (
				098951139E8D75A16A467F82 /* Pods_SocialMedia.framework */,
			);
			name = Frameworks;
			sourceTree = "<group>";
		};
/* End PBXGroup section */

/* Begin PBXNativeTarget section */
		4353EDA61DA579D10099FB88 /* SocialMedia */ = {
			isa = PBXNativeTarget;
			buildConfigurationList = 4353EDB91DA579D10099FB88 /* Build configuration list for PBXNativeTarget "SocialMedia" */;
			buildPhases = (
				439D4AA19155C50B42A3B6EC /* [CP] Check Pods Manifest.lock */,
				4353EDA31DA579D10099FB88 /* Sources */,
				4353EDA41DA579D10099FB88 /* Frameworks */,
				4353EDA51DA579D10099FB88 /* Resources */,
				526619922D1E82AB863DB5EF /* [CP] Embed Pods Frameworks */,
				63E3BB33E5834E61C0DA0FAA /* [CP] Copy Pods Resources */,
			);
			buildRules = (
			);
			dependencies = (
			);
			name = SocialMedia;
			productName = SocialMedia;
			productReference = 4353EDA71DA579D10099FB88 /* رسانه اجتماعی.app */;
			productType = "com.apple.product-type.application";
		};
/* End PBXNativeTarget section */

/* Begin PBXProject section */
		4353ED9F1DA579D10099FB88 /* Project object */ = {
			isa = PBXProject;
			attributes = {
				LastSwiftUpdateCheck = 0800;
				LastUpgradeCheck = 0820;
				ORGANIZATIONNAME = yaserBahrami;
				TargetAttributes = {
					4353EDA61DA579D10099FB88 = {
						CreatedOnToolsVersion = 8.0;
						DevelopmentTeam = 83P5KX79QJ;
						ProvisioningStyle = Automatic;
					};
				};
			};
			buildConfigurationList = 4353EDA21DA579D10099FB88 /* Build configuration list for PBXProject "SocialMedia" */;
			compatibilityVersion = "Xcode 3.2";
			developmentRegion = English;
			hasScannedForEncodings = 0;
			knownRegions = (
				en,
				Base,
			);
			mainGroup = 4353ED9E1DA579D10099FB88;
			productRefGroup = 4353EDA81DA579D10099FB88 /* Products */;
			projectDirPath = "";
			projectRoot = "";
			targets = (
				4353EDA61DA579D10099FB88 /* SocialMedia */,
			);
		};
/* End PBXProject section */

/* Begin PBXResourcesBuildPhase section */
		4353EDA51DA579D10099FB88 /* Resources */ = {
			isa = PBXResourcesBuildPhase;
			buildActionMask = 2147483647;
			files = (
				4353EDC41DA57ADC0099FB88 /* NotoSans-Bold.ttf in Resources */,
				4353EDB51DA579D10099FB88 /* LaunchScreen.storyboard in Resources */,
				4353EDC51DA57ADC0099FB88 /* NotoSans-BoldItalic.ttf in Resources */,
				4353EDC61DA57ADC0099FB88 /* NotoSans-Italic.ttf in Resources */,
				4353EDB21DA579D10099FB88 /* Assets.xcassets in Resources */,
				4353EDB01DA579D10099FB88 /* Main.storyboard in Resources */,
				4353EDC71DA57ADC0099FB88 /* NotoSans-Regular.ttf in Resources */,
			);
			runOnlyForDeploymentPostprocessing = 0;
		};
/* End PBXResourcesBuildPhase section */

/* Begin PBXShellScriptBuildPhase section */
		439D4AA19155C50B42A3B6EC /* [CP] Check Pods Manifest.lock */ = {
			isa = PBXShellScriptBuildPhase;
			buildActionMask = 2147483647;
			files = (
			);
			inputPaths = (
			);
			name = "[CP] Check Pods Manifest.lock";
			outputPaths = (
			);
			runOnlyForDeploymentPostprocessing = 0;
			shellPath = /bin/sh;
			shellScript = "diff \"${PODS_ROOT}/../Podfile.lock\" \"${PODS_ROOT}/Manifest.lock\" > /dev/null\nif [[ $? != 0 ]] ; then\n    cat << EOM\nerror: The sandbox is not in sync with the Podfile.lock. Run 'pod install' or update your CocoaPods installation.\nEOM\n    exit 1\nfi\n";
			showEnvVarsInLog = 0;
		};
		526619922D1E82AB863DB5EF /* [CP] Embed Pods Frameworks */ = {
			isa = PBXShellScriptBuildPhase;
			buildActionMask = 2147483647;
			files = (
			);
			inputPaths = (
			);
			name = "[CP] Embed Pods Frameworks";
			outputPaths = (
			);
			runOnlyForDeploymentPostprocessing = 0;
			shellPath = /bin/sh;
			shellScript = "\"${SRCROOT}/Pods/Target Support Files/Pods-SocialMedia/Pods-SocialMedia-frameworks.sh\"\n";
			showEnvVarsInLog = 0;
		};
		63E3BB33E5834E61C0DA0FAA /* [CP] Copy Pods Resources */ = {
			isa = PBXShellScriptBuildPhase;
			buildActionMask = 2147483647;
			files = (
			);
			inputPaths = (
			);
			name = "[CP] Copy Pods Resources";
			outputPaths = (
			);
			runOnlyForDeploymentPostprocessing = 0;
			shellPath = /bin/sh;
			shellScript = "\"${SRCROOT}/Pods/Target Support Files/Pods-SocialMedia/Pods-SocialMedia-resources.sh\"\n";
			showEnvVarsInLog = 0;
		};
/* End PBXShellScriptBuildPhase section */

/* Begin PBXSourcesBuildPhase section */
		4353EDA31DA579D10099FB88 /* Sources */ = {
			isa = PBXSourcesBuildPhase;
			buildActionMask = 2147483647;
			files = (
				4353EDD01DA690BD0099FB88 /* MaterialTextField.swift in Sources */,
				43B7DE101DA8BB99006EAD06 /* DataService.swift in Sources */,
				4353EDC91DA57FC30099FB88 /* MaterialView.swift in Sources */,
				4353EDAD1DA579D10099FB88 /* SignInViewController.swift in Sources */,
				4353EDAB1DA579D10099FB88 /* AppDelegate.swift in Sources */,
				43F52C7F1DB91C9E006D9B48 /* PostCell.swift in Sources */,
				4353EDCC1DA580270099FB88 /* Constants.swift in Sources */,
				43969A801DB916C200B049B6 /* FeedViewController.swift in Sources */,
				4353EDCE1DA670FB0099FB88 /* MaterialButton.swift in Sources */,
				43F0BE711DBB85E600C4673D /* Post.swift in Sources */,
			);
			runOnlyForDeploymentPostprocessing = 0;
		};
/* End PBXSourcesBuildPhase section */

/* Begin PBXVariantGroup section */
		4353EDAE1DA579D10099FB88 /* Main.storyboard */ = {
			isa = PBXVariantGroup;
			children = (
				4353EDAF1DA579D10099FB88 /* Base */,
			);
			name = Main.storyboard;
			sourceTree = "<group>";
		};
		4353EDB31DA579D10099FB88 /* LaunchScreen.storyboard */ = {
			isa = PBXVariantGroup;
			children = (
				4353EDB41DA579D10099FB88 /* Base */,
			);
			name = LaunchScreen.storyboard;
			sourceTree = "<group>";
		};
/* End PBXVariantGroup section */

/* Begin XCBuildConfiguration section */
		4353EDB71DA579D10099FB88 /* Debug */ = {
			isa = XCBuildConfiguration;
			buildSettings = {
				ALWAYS_SEARCH_USER_PATHS = NO;
				CLANG_ANALYZER_NONNULL = YES;
				CLANG_CXX_LANGUAGE_STANDARD = "gnu++0x";
				CLANG_CXX_LIBRARY = "libc++";
				CLANG_ENABLE_MODULES = YES;
				CLANG_ENABLE_OBJC_ARC = YES;
				CLANG_WARN_BOOL_CONVERSION = YES;
				CLANG_WARN_CONSTANT_CONVERSION = YES;
				CLANG_WARN_DIRECT_OBJC_ISA_USAGE = YES_ERROR;
				CLANG_WARN_DOCUMENTATION_COMMENTS = YES;
				CLANG_WARN_EMPTY_BODY = YES;
				CLANG_WARN_ENUM_CONVERSION = YES;
				CLANG_WARN_INFINITE_RECURSION = YES;
				CLANG_WARN_INT_CONVERSION = YES;
				CLANG_WARN_OBJC_ROOT_CLASS = YES_ERROR;
				CLANG_WARN_SUSPICIOUS_MOVE = YES;
				CLANG_WARN_SUSPICIOUS_MOVES = YES;
				CLANG_WARN_UNREACHABLE_CODE = YES;
				CLANG_WARN__DUPLICATE_METHOD_MATCH = YES;
				"CODE_SIGN_IDENTITY[sdk=iphoneos*]" = "iPhone Developer";
				COPY_PHASE_STRIP = NO;
				DEBUG_INFORMATION_FORMAT = dwarf;
				ENABLE_STRICT_OBJC_MSGSEND = YES;
				ENABLE_TESTABILITY = YES;
				GCC_C_LANGUAGE_STANDARD = gnu99;
				GCC_DYNAMIC_NO_PIC = NO;
				GCC_NO_COMMON_BLOCKS = YES;
				GCC_OPTIMIZATION_LEVEL = 0;
				GCC_PREPROCESSOR_DEFINITIONS = (
					"DEBUG=1",
					"$(inherited)",
				);
				GCC_WARN_64_TO_32_BIT_CONVERSION = YES;
				GCC_WARN_ABOUT_RETURN_TYPE = YES_ERROR;
				GCC_WARN_UNDECLARED_SELECTOR = YES;
				GCC_WARN_UNINITIALIZED_AUTOS = YES_AGGRESSIVE;
				GCC_WARN_UNUSED_FUNCTION = YES;
				GCC_WARN_UNUSED_VARIABLE = YES;
				IPHONEOS_DEPLOYMENT_TARGET = 9.0;
				MTL_ENABLE_DEBUG_INFO = YES;
				ONLY_ACTIVE_ARCH = YES;
				SDKROOT = iphoneos;
				SWIFT_ACTIVE_COMPILATION_CONDITIONS = DEBUG;
				SWIFT_OPTIMIZATION_LEVEL = "-Onone";
				TARGETED_DEVICE_FAMILY = "1,2";
			};
			name = Debug;
		};
		4353EDB81DA579D10099FB88 /* Release */ = {
			isa = XCBuildConfiguration;
			buildSettings = {
				ALWAYS_SEARCH_USER_PATHS = NO;
				CLANG_ANALYZER_NONNULL = YES;
				CLANG_CXX_LANGUAGE_STANDARD = "gnu++0x";
				CLANG_CXX_LIBRARY = "libc++";
				CLANG_ENABLE_MODULES = YES;
				CLANG_ENABLE_OBJC_ARC = YES;
				CLANG_WARN_BOOL_CONVERSION = YES;
				CLANG_WARN_CONSTANT_CONVERSION = YES;
				CLANG_WARN_DIRECT_OBJC_ISA_USAGE = YES_ERROR;
				CLANG_WARN_DOCUMENTATION_COMMENTS = YES;
				CLANG_WARN_EMPTY_BODY = YES;
				CLANG_WARN_ENUM_CONVERSION = YES;
				CLANG_WARN_INFINITE_RECURSION = YES;
				CLANG_WARN_INT_CONVERSION = YES;
				CLANG_WARN_OBJC_ROOT_CLASS = YES_ERROR;
				CLANG_WARN_SUSPICIOUS_MOVE = YES;
				CLANG_WARN_SUSPICIOUS_MOVES = YES;
				CLANG_WARN_UNREACHABLE_CODE = YES;
				CLANG_WARN__DUPLICATE_METHOD_MATCH = YES;
				"CODE_SIGN_IDENTITY[sdk=iphoneos*]" = "iPhone Developer";
				COPY_PHASE_STRIP = NO;
				DEBUG_INFORMATION_FORMAT = "dwarf-with-dsym";
				ENABLE_NS_ASSERTIONS = NO;
				ENABLE_STRICT_OBJC_MSGSEND = YES;
				GCC_C_LANGUAGE_STANDARD = gnu99;
				GCC_NO_COMMON_BLOCKS = YES;
				GCC_WARN_64_TO_32_BIT_CONVERSION = YES;
				GCC_WARN_ABOUT_RETURN_TYPE = YES_ERROR;
				GCC_WARN_UNDECLARED_SELECTOR = YES;
				GCC_WARN_UNINITIALIZED_AUTOS = YES_AGGRESSIVE;
				GCC_WARN_UNUSED_FUNCTION = YES;
				GCC_WARN_UNUSED_VARIABLE = YES;
				IPHONEOS_DEPLOYMENT_TARGET = 9.0;
				MTL_ENABLE_DEBUG_INFO = NO;
				SDKROOT = iphoneos;
				SWIFT_OPTIMIZATION_LEVEL = "-Owholemodule";
				TARGETED_DEVICE_FAMILY = "1,2";
				VALIDATE_PRODUCT = YES;
			};
			name = Release;
		};
		4353EDBA1DA579D10099FB88 /* Debug */ = {
			isa = XCBuildConfiguration;
			baseConfigurationReference = 4CAEE0E0271E614FF8F0AE9D /* Pods-SocialMedia.debug.xcconfig */;
			buildSettings = {
				ALWAYS_EMBED_SWIFT_STANDARD_LIBRARIES = YES;
				ASSETCATALOG_COMPILER_APPICON_NAME = AppIcon;
				DEVELOPMENT_TEAM = 83P5KX79QJ;
				ENABLE_BITCODE = NO;
				FRAMEWORK_SEARCH_PATHS = (
					"$(inherited)",
					"$(PROJECT_DIR)",
				);
				INFOPLIST_FILE = SocialMedia/Info.plist;
				IPHONEOS_DEPLOYMENT_TARGET = 9.0;
				LD_RUNPATH_SEARCH_PATHS = "$(inherited) @executable_path/Frameworks";
				PRODUCT_BUNDLE_IDENTIFIER = com.yaserbahrami.myApps.SocialMedia;
				PRODUCT_NAME = "رسانه اجتماعی";
				SWIFT_VERSION = 3.0;
			};
			name = Debug;
		};
		4353EDBB1DA579D10099FB88 /* Release */ = {
			isa = XCBuildConfiguration;
			baseConfigurationReference = 539463732B1DE9F07E5FB906 /* Pods-SocialMedia.release.xcconfig */;
			buildSettings = {
				ALWAYS_EMBED_SWIFT_STANDARD_LIBRARIES = YES;
				ASSETCATALOG_COMPILER_APPICON_NAME = AppIcon;
				DEVELOPMENT_TEAM = 83P5KX79QJ;
				ENABLE_BITCODE = NO;
				FRAMEWORK_SEARCH_PATHS = (
					"$(inherited)",
					"$(PROJECT_DIR)",
				);
				INFOPLIST_FILE = SocialMedia/Info.plist;
				IPHONEOS_DEPLOYMENT_TARGET = 9.0;
				LD_RUNPATH_SEARCH_PATHS = "$(inherited) @executable_path/Frameworks";
				PRODUCT_BUNDLE_IDENTIFIER = com.yaserbahrami.myApps.SocialMedia;
				PRODUCT_NAME = "رسانه اجتماعی";
				SWIFT_VERSION = 3.0;
			};
			name = Release;
		};
/* End XCBuildConfiguration section */

/* Begin XCConfigurationList section */
		4353EDA21DA579D10099FB88 /* Build configuration list for PBXProject "SocialMedia" */ = {
			isa = XCConfigurationList;
			buildConfigurations = (
				4353EDB71DA579D10099FB88 /* Debug */,
				4353EDB81DA579D10099FB88 /* Release */,
			);
			defaultConfigurationIsVisible = 0;
			defaultConfigurationName = Release;
		};
		4353EDB91DA579D10099FB88 /* Build configuration list for PBXNativeTarget "SocialMedia" */ = {
			isa = XCConfigurationList;
			buildConfigurations = (
				4353EDBA1DA579D10099FB88 /* Debug */,
				4353EDBB1DA579D10099FB88 /* Release */,
			);
			defaultConfigurationIsVisible = 0;
			defaultConfigurationName = Release;
		};
/* End XCConfigurationList section */
	};
	rootObject = 4353ED9F1DA579D10099FB88 /* Project object */;
}
